{
  "originHash" : "433f158a1a037ba6f8dad6f474ecacdab0738966f97790b1733f24795084d331",
  "pins" : [
    {
      "identity" : "smith-core",
      "kind" : "remoteSourceControl",
      "location" : "https://github.com/Smith-Tools/smith-core",
      "state" : {
        "revision" : "c56717d6f57e2de169439ba9661f1e702af6b303",
        "version" : "1.1.0"
      }
    },
    {
      "identity" : "swift-argument-parser",
      "kind" : "remoteSourceControl",
      "location" : "https://github.com/apple/swift-argument-parser",
      "state" : {
        "revision" : "cdd0ef3755280949551dc26dee5de9ddeda89f54",
        "version" : "1.6.2"
      }
    }
  ],
  "version" : 3
}
